
Microsoft Visual Studio Solution File, Format Version 12.00
# Visual Studio Version 17
VisualStudioVersion = 17.12.35527.113
MinimumVisualStudioVersion = 10.0.40219.1
Project("{FAE04EC0-301F-11D3-BF4B-00C04F79EFBC}") = "Passomnemo", "Passomnemo.csproj", "{1A25D8A4-28A8-4651-867A-F583AA046B50}"
EndProject
Project("{FAE04EC0-301F-11D3-BF4B-00C04F79EFBC}") = "TestPassomnemo", "..\TestPassomnemo\TestPassomnemo.csproj", "{E300B44E-2494-4D61-AC80-BDAB50581804}"
EndProject
Global
	GlobalSection(SolutionConfigurationPlatforms) = preSolution
		Debug|Any CPU = Debug|Any CPU
		Release|Any CPU = Release|Any CPU
	EndGlobalSection
	GlobalSection(ProjectConfigurationPlatforms) = postSolution
		{1A25D8A4-28A8-4651-867A-F583AA046B50}.Debug|Any CPU.ActiveCfg = Debug|Any CPU
		{1A25D8A4-28A8-4651-867A-F583AA046B50}.Debug|Any CPU.Build.0 = Debug|Any CPU
		{1A25D8A4-28A8-4651-867A-F583AA046B50}.Release|Any CPU.ActiveCfg = Release|Any CPU
		{1A25D8A4-28A8-4651-867A-F583AA046B50}.Release|Any CPU.Build.0 = Release|Any CPU
		{E300B44E-2494-4D61-AC80-BDAB50581804}.Debug|Any CPU.ActiveCfg = Debug|Any CPU
		{E300B44E-2494-4D61-AC80-BDAB50581804}.Debug|Any CPU.Build.0 = Debug|Any CPU
		{E300B44E-2494-4D61-AC80-BDAB50581804}.Release|Any CPU.ActiveCfg = Release|Any CPU
		{E300B44E-2494-4D61-AC80-BDAB50581804}.Release|Any CPU.Build.0 = Release|Any CPU
	EndGlobalSection
	GlobalSection(SolutionProperties) = preSolution
		HideSolutionNode = FALSE
	EndGlobalSection
EndGlobal
